
Microsoft Visual Studio Solution File, Format Version 12.00
# Visual Studio Version 16
VisualStudioVersion = 16.0.31515.178
MinimumVisualStudioVersion = 10.0.40219.1
Project("{FAE04EC0-301F-11D3-BF4B-00C04F79EFBC}") = "Exercicios", "Exercicios.csproj", "{6CA26947-35DE-4974-AC06-A22E2B331DAB}"
EndProject
Global
	GlobalSection(SolutionConfigurationPlatforms) = preSolution
		Debug|Any CPU = Debug|Any CPU
		Release|Any CPU = Release|Any CPU
	EndGlobalSection
	GlobalSection(ProjectConfigurationPlatforms) = postSolution
		{6CA26947-35DE-4974-AC06-A22E2B331DAB}.Debug|Any CPU.ActiveCfg = Debug|Any CPU
		{6CA26947-35DE-4974-AC06-A22E2B331DAB}.Debug|Any CPU.Build.0 = Debug|Any CPU
		{6CA26947-35DE-4974-AC06-A22E2B331DAB}.Release|Any CPU.ActiveCfg = Release|Any CPU
		{6CA26947-35DE-4974-AC06-A22E2B331DAB}.Release|Any CPU.Build.0 = Release|Any CPU
	EndGlobalSection
	GlobalSection(SolutionProperties) = preSolution
		HideSolutionNode = FALSE
	EndGlobalSection
	GlobalSection(ExtensibilityGlobals) = postSolution
		SolutionGuid = {030B8A24-7624-49D0-B3E9-468F36319A4C}
	EndGlobalSection
EndGlobal
